
Microsoft Visual Studio Solution File, Format Version 12.00
# Visual Studio Version 17
VisualStudioVersion = 17.7.34031.279
MinimumVisualStudioVersion = 10.0.40219.1
Project("{FAE04EC0-301F-11D3-BF4B-00C04F79EFBC}") = "AspNetDependecyInjection", "AspNetDependecyInjection\AspNetDependecyInjection.csproj", "{64971EAC-03DE-4208-A054-C77173E9075E}"
EndProject
Global
	GlobalSection(SolutionConfigurationPlatforms) = preSolution
		Debug|Any CPU = Debug|Any CPU
		Release|Any CPU = Release|Any CPU
	EndGlobalSection
	GlobalSection(ProjectConfigurationPlatforms) = postSolution
		{64971EAC-03DE-4208-A054-C77173E9075E}.Debug|Any CPU.ActiveCfg = Debug|Any CPU
		{64971EAC-03DE-4208-A054-C77173E9075E}.Debug|Any CPU.Build.0 = Debug|Any CPU
		{64971EAC-03DE-4208-A054-C77173E9075E}.Release|Any CPU.ActiveCfg = Release|Any CPU
		{64971EAC-03DE-4208-A054-C77173E9075E}.Release|Any CPU.Build.0 = Release|Any CPU
	EndGlobalSection
	GlobalSection(SolutionProperties) = preSolution
		HideSolutionNode = FALSE
	EndGlobalSection
	GlobalSection(ExtensibilityGlobals) = postSolution
		SolutionGuid = {1B76C69B-24E9-4527-A055-E3CA1A897176}
	EndGlobalSection
EndGlobal
